
Microsoft Visual Studio Solution File, Format Version 12.00
# Visual Studio Version 16
VisualStudioVersion = 16.0.31515.178
MinimumVisualStudioVersion = 10.0.40219.1
Project("{9A19103F-16F7-4668-BE54-9A1E7A4F7556}") = "NegativeEddy.Bots.AzureServiceBusRelay.Adapter", "NegativeEddy.Bots.AzureServiceBusRelay.Adapter\NegativeEddy.Bots.AzureServiceBusRelay.Adapter.csproj", "{94BAD246-4EDE-45FA-B5F3-14A6D01BFE16}"
EndProject
Project("{9A19103F-16F7-4668-BE54-9A1E7A4F7556}") = "NegativeEddy.Bots.AzureServiceBusRelay.CommandLine", "NegativeEddy.Bots.AzureServiceBusRelay.CommandLine\NegativeEddy.Bots.AzureServiceBusRelay.CommandLine.csproj", "{4E7F7A58-BB94-4167-B7FD-DF747DB5412E}"
EndProject
Global
	GlobalSection(SolutionConfigurationPlatforms) = preSolution
		Debug|Any CPU = Debug|Any CPU
		Release|Any CPU = Release|Any CPU
	EndGlobalSection
	GlobalSection(ProjectConfigurationPlatforms) = postSolution
		{94BAD246-4EDE-45FA-B5F3-14A6D01BFE16}.Debug|Any CPU.ActiveCfg = Debug|Any CPU
		{94BAD246-4EDE-45FA-B5F3-14A6D01BFE16}.Debug|Any CPU.Build.0 = Debug|Any CPU
		{94BAD246-4EDE-45FA-B5F3-14A6D01BFE16}.Release|Any CPU.ActiveCfg = Release|Any CPU
		{94BAD246-4EDE-45FA-B5F3-14A6D01BFE16}.Release|Any CPU.Build.0 = Release|Any CPU
		{4E7F7A58-BB94-4167-B7FD-DF747DB5412E}.Debug|Any CPU.ActiveCfg = Debug|Any CPU
		{4E7F7A58-BB94-4167-B7FD-DF747DB5412E}.Debug|Any CPU.Build.0 = Debug|Any CPU
		{4E7F7A58-BB94-4167-B7FD-DF747DB5412E}.Release|Any CPU.ActiveCfg = Release|Any CPU
		{4E7F7A58-BB94-4167-B7FD-DF747DB5412E}.Release|Any CPU.Build.0 = Release|Any CPU
	EndGlobalSection
	GlobalSection(SolutionProperties) = preSolution
		HideSolutionNode = FALSE
	EndGlobalSection
	GlobalSection(ExtensibilityGlobals) = postSolution
		SolutionGuid = {2C96A03F-F825-402A-B109-0F1FC60BA3CE}
	EndGlobalSection
EndGlobal
